
Microsoft Visual Studio Solution File, Format Version 12.00
# Visual Studio Version 16
VisualStudioVersion = 16.0.29230.47
MinimumVisualStudioVersion = 10.0.40219.1
Project("{FAE04EC0-301F-11D3-BF4B-00C04F79EFBC}") = "Exercise03", "Exercise03\Exercise03.csproj", "{F5AFCC7F-79BA-4F03-A3C6-FB59DF808066}"
EndProject
Global
	GlobalSection(SolutionConfigurationPlatforms) = preSolution
		Debug|Any CPU = Debug|Any CPU
		Release|Any CPU = Release|Any CPU
	EndGlobalSection
	GlobalSection(ProjectConfigurationPlatforms) = postSolution
		{F5AFCC7F-79BA-4F03-A3C6-FB59DF808066}.Debug|Any CPU.ActiveCfg = Debug|Any CPU
		{F5AFCC7F-79BA-4F03-A3C6-FB59DF808066}.Debug|Any CPU.Build.0 = Debug|Any CPU
		{F5AFCC7F-79BA-4F03-A3C6-FB59DF808066}.Release|Any CPU.ActiveCfg = Release|Any CPU
		{F5AFCC7F-79BA-4F03-A3C6-FB59DF808066}.Release|Any CPU.Build.0 = Release|Any CPU
	EndGlobalSection
	GlobalSection(SolutionProperties) = preSolution
		HideSolutionNode = FALSE
	EndGlobalSection
	GlobalSection(ExtensibilityGlobals) = postSolution
		SolutionGuid = {8C4B8F2E-688C-4C04-A57A-6AB026058A99}
	EndGlobalSection
EndGlobal
